
Microsoft Visual Studio Solution File, Format Version 12.00
# Visual Studio 15
VisualStudioVersion = 15.0.28307.168
MinimumVisualStudioVersion = 10.0.40219.1
Project("{8BC9CEB8-8B4A-11D0-8D11-00A0C91BC942}") = "sort_time", "sort_time.vcxproj", "{A6608730-870D-4FAA-BBE0-8CA46F6459CB}"
EndProject
Global
	GlobalSection(SolutionConfigurationPlatforms) = preSolution
		Debug|x64 = Debug|x64
		Debug|x86 = Debug|x86
		Release|x64 = Release|x64
		Release|x86 = Release|x86
	EndGlobalSection
	GlobalSection(ProjectConfigurationPlatforms) = postSolution
		{A6608730-870D-4FAA-BBE0-8CA46F6459CB}.Debug|x64.ActiveCfg = Debug|x64
		{A6608730-870D-4FAA-BBE0-8CA46F6459CB}.Debug|x64.Build.0 = Debug|x64
		{A6608730-870D-4FAA-BBE0-8CA46F6459CB}.Debug|x86.ActiveCfg = Debug|Win32
		{A6608730-870D-4FAA-BBE0-8CA46F6459CB}.Debug|x86.Build.0 = Debug|Win32
		{A6608730-870D-4FAA-BBE0-8CA46F6459CB}.Release|x64.ActiveCfg = Release|x64
		{A6608730-870D-4FAA-BBE0-8CA46F6459CB}.Release|x64.Build.0 = Release|x64
		{A6608730-870D-4FAA-BBE0-8CA46F6459CB}.Release|x86.ActiveCfg = Release|Win32
		{A6608730-870D-4FAA-BBE0-8CA46F6459CB}.Release|x86.Build.0 = Release|Win32
	EndGlobalSection
	GlobalSection(SolutionProperties) = preSolution
		HideSolutionNode = FALSE
	EndGlobalSection
	GlobalSection(ExtensibilityGlobals) = postSolution
		SolutionGuid = {43A80DE4-4F5A-4D56-AC6C-1CD4F81AB431}
	EndGlobalSection
EndGlobal
